
Microsoft Visual Studio Solution File, Format Version 12.00
# Visual Studio 14
VisualStudioVersion = 14.0.25420.1
MinimumVisualStudioVersion = 10.0.40219.1
Project("{FAE04EC0-301F-11D3-BF4B-00C04F79EFBC}") = "Automation.Model", "Automation.Model\Automation.Model.csproj", "{2F62A103-3468-4957-9A2A-FAF8DEC4D44C}"
EndProject
Project("{FAE04EC0-301F-11D3-BF4B-00C04F79EFBC}") = "AutomationGUI", "Automation\Automation\AutomationGUI.csproj", "{998769D3-13F4-4B4B-A6F5-AC77ED12DC1A}"
EndProject
Project("{FAE04EC0-301F-11D3-BF4B-00C04F79EFBC}") = "AutomationControls", "AutomationControls\AutomationControls.csproj", "{2924AFF0-EF4B-4419-B89C-0E86349E9C34}"
EndProject
Global
	GlobalSection(SolutionConfigurationPlatforms) = preSolution
		Debug|Any CPU = Debug|Any CPU
		Release|Any CPU = Release|Any CPU
	EndGlobalSection
	GlobalSection(ProjectConfigurationPlatforms) = postSolution
		{2F62A103-3468-4957-9A2A-FAF8DEC4D44C}.Debug|Any CPU.ActiveCfg = Debug|Any CPU
		{2F62A103-3468-4957-9A2A-FAF8DEC4D44C}.Debug|Any CPU.Build.0 = Debug|Any CPU
		{2F62A103-3468-4957-9A2A-FAF8DEC4D44C}.Release|Any CPU.ActiveCfg = Release|Any CPU
		{2F62A103-3468-4957-9A2A-FAF8DEC4D44C}.Release|Any CPU.Build.0 = Release|Any CPU
		{998769D3-13F4-4B4B-A6F5-AC77ED12DC1A}.Debug|Any CPU.ActiveCfg = Debug|Any CPU
		{998769D3-13F4-4B4B-A6F5-AC77ED12DC1A}.Debug|Any CPU.Build.0 = Debug|Any CPU
		{998769D3-13F4-4B4B-A6F5-AC77ED12DC1A}.Release|Any CPU.ActiveCfg = Release|Any CPU
		{998769D3-13F4-4B4B-A6F5-AC77ED12DC1A}.Release|Any CPU.Build.0 = Release|Any CPU
		{2924AFF0-EF4B-4419-B89C-0E86349E9C34}.Debug|Any CPU.ActiveCfg = Debug|Any CPU
		{2924AFF0-EF4B-4419-B89C-0E86349E9C34}.Debug|Any CPU.Build.0 = Debug|Any CPU
		{2924AFF0-EF4B-4419-B89C-0E86349E9C34}.Release|Any CPU.ActiveCfg = Release|Any CPU
		{2924AFF0-EF4B-4419-B89C-0E86349E9C34}.Release|Any CPU.Build.0 = Release|Any CPU
	EndGlobalSection
	GlobalSection(SolutionProperties) = preSolution
		HideSolutionNode = FALSE
	EndGlobalSection
EndGlobal
